
Microsoft Visual Studio Solution File, Format Version 12.00
# Visual Studio Version 17
VisualStudioVersion = 17.6.33723.286
MinimumVisualStudioVersion = 10.0.40219.1
Project("{FAE04EC0-301F-11D3-BF4B-00C04F79EFBC}") = "FileHelper", "FileHelper.csproj", "{5AAB336C-B48E-4C2F-AB5D-4B61A099020F}"
EndProject
Global
	GlobalSection(SolutionConfigurationPlatforms) = preSolution
		Debug|Any CPU = Debug|Any CPU
		Release|Any CPU = Release|Any CPU
	EndGlobalSection
	GlobalSection(ProjectConfigurationPlatforms) = postSolution
		{5AAB336C-B48E-4C2F-AB5D-4B61A099020F}.Debug|Any CPU.ActiveCfg = Debug|Any CPU
		{5AAB336C-B48E-4C2F-AB5D-4B61A099020F}.Debug|Any CPU.Build.0 = Debug|Any CPU
		{5AAB336C-B48E-4C2F-AB5D-4B61A099020F}.Release|Any CPU.ActiveCfg = Release|Any CPU
		{5AAB336C-B48E-4C2F-AB5D-4B61A099020F}.Release|Any CPU.Build.0 = Release|Any CPU
	EndGlobalSection
	GlobalSection(SolutionProperties) = preSolution
		HideSolutionNode = FALSE
	EndGlobalSection
	GlobalSection(ExtensibilityGlobals) = postSolution
		SolutionGuid = {3AD916FD-4F64-48A0-95EC-840C2A74BA70}
	EndGlobalSection
EndGlobal
